
Microsoft Visual Studio Solution File, Format Version 12.00
# Visual Studio Version 17
VisualStudioVersion = 17.7.34031.279
MinimumVisualStudioVersion = 10.0.40219.1
Project("{9A19103F-16F7-4668-BE54-9A1E7A4F7556}") = "SignalR.Server", "SignalR.Server\SignalR.Server.csproj", "{0B8705A6-95BA-4056-8958-431431C77B36}"
EndProject
Project("{9A19103F-16F7-4668-BE54-9A1E7A4F7556}") = "SignalR.Client", "SignalR.Client\SignalR.Client.csproj", "{7EE8C562-E2B1-4466-9FD1-B1C1EB942465}"
EndProject
Project("{9A19103F-16F7-4668-BE54-9A1E7A4F7556}") = "WebSocket.Server_1", "WebSocket.Server.Api\WebSocket.Server_1.csproj", "{D9513FC2-14F5-4632-A0D7-3DCB278752B2}"
EndProject
Project("{2150E333-8FDC-42A3-9474-1A3956D46DE8}") = "WebSocket.Api", "WebSocket.Api", "{1E7238AA-5C5E-42E3-ABB9-39E8F0F4837C}"
EndProject
Project("{9A19103F-16F7-4668-BE54-9A1E7A4F7556}") = "WebSocket.Client_1", "WebSocket.Client\WebSocket.Client_1.csproj", "{4526C4C7-19CA-48EC-8578-006C79155D2F}"
EndProject
Project("{2150E333-8FDC-42A3-9474-1A3956D46DE8}") = "SignalR", "SignalR", "{D019ACC8-5665-4532-AD2A-CC3404D58BA9}"
EndProject
Project("{2150E333-8FDC-42A3-9474-1A3956D46DE8}") = "WebSocket_1", "WebSocket_1", "{F795FA82-A327-46CD-B0A0-AD0E3A15023A}"
EndProject
Project("{2150E333-8FDC-42A3-9474-1A3956D46DE8}") = "WebSocket_2", "WebSocket_2", "{F771095D-F6CD-4C3D-A61D-D4DE2A308774}"
EndProject
Project("{9A19103F-16F7-4668-BE54-9A1E7A4F7556}") = "WebSocket.Server_2", "WebSocket.Api_2\WebSocket.Server_2.csproj", "{C4F36608-0056-4E05-8688-06CF802DDD6B}"
EndProject
Project("{2150E333-8FDC-42A3-9474-1A3956D46DE8}") = "WebSocket_3", "WebSocket_3", "{5924806B-BC61-4D6D-82A3-942B742F3028}"
EndProject
Project("{FAE04EC0-301F-11D3-BF4B-00C04F79EFBC}") = "WebSocket.Server_3", "WebSocket_3\WebSocket.Server_3.csproj", "{45695C0D-819E-4148-B10D-05F62DFBC952}"
EndProject
Project("{FAE04EC0-301F-11D3-BF4B-00C04F79EFBC}") = "WebSocket.Client_3", "WebSocket.Client_3\WebSocket.Client_3.csproj", "{0D9E5DDC-128B-46D2-9863-B5C82AA7BDF4}"
EndProject
Project("{FAE04EC0-301F-11D3-BF4B-00C04F79EFBC}") = "WebSocket.Client_2", "WebSocket.Client_2\WebSocket.Client_2.csproj", "{A09CA2EF-00D2-4104-9A28-0F8666A902E9}"
EndProject
Project("{2150E333-8FDC-42A3-9474-1A3956D46DE8}") = "DelegeteAndEvent", "DelegeteAndEvent", "{97B29DDF-9F9E-43E4-A79B-26C590225131}"
EndProject
Project("{FAE04EC0-301F-11D3-BF4B-00C04F79EFBC}") = "DelegateEventExample", "DelegateEventExample\DelegateEventExample.csproj", "{89A19D99-8CC4-41B0-AE98-6DF5685521B6}"
EndProject
Global
	GlobalSection(SolutionConfigurationPlatforms) = preSolution
		Debug|Any CPU = Debug|Any CPU
		Release|Any CPU = Release|Any CPU
	EndGlobalSection
	GlobalSection(ProjectConfigurationPlatforms) = postSolution
		{0B8705A6-95BA-4056-8958-431431C77B36}.Debug|Any CPU.ActiveCfg = Debug|Any CPU
		{0B8705A6-95BA-4056-8958-431431C77B36}.Debug|Any CPU.Build.0 = Debug|Any CPU
		{0B8705A6-95BA-4056-8958-431431C77B36}.Release|Any CPU.ActiveCfg = Release|Any CPU
		{0B8705A6-95BA-4056-8958-431431C77B36}.Release|Any CPU.Build.0 = Release|Any CPU
		{7EE8C562-E2B1-4466-9FD1-B1C1EB942465}.Debug|Any CPU.ActiveCfg = Debug|Any CPU
		{7EE8C562-E2B1-4466-9FD1-B1C1EB942465}.Debug|Any CPU.Build.0 = Debug|Any CPU
		{7EE8C562-E2B1-4466-9FD1-B1C1EB942465}.Release|Any CPU.ActiveCfg = Release|Any CPU
		{7EE8C562-E2B1-4466-9FD1-B1C1EB942465}.Release|Any CPU.Build.0 = Release|Any CPU
		{D9513FC2-14F5-4632-A0D7-3DCB278752B2}.Debug|Any CPU.ActiveCfg = Debug|Any CPU
		{D9513FC2-14F5-4632-A0D7-3DCB278752B2}.Debug|Any CPU.Build.0 = Debug|Any CPU
		{D9513FC2-14F5-4632-A0D7-3DCB278752B2}.Release|Any CPU.ActiveCfg = Release|Any CPU
		{D9513FC2-14F5-4632-A0D7-3DCB278752B2}.Release|Any CPU.Build.0 = Release|Any CPU
		{4526C4C7-19CA-48EC-8578-006C79155D2F}.Debug|Any CPU.ActiveCfg = Debug|Any CPU
		{4526C4C7-19CA-48EC-8578-006C79155D2F}.Debug|Any CPU.Build.0 = Debug|Any CPU
		{4526C4C7-19CA-48EC-8578-006C79155D2F}.Release|Any CPU.ActiveCfg = Release|Any CPU
		{4526C4C7-19CA-48EC-8578-006C79155D2F}.Release|Any CPU.Build.0 = Release|Any CPU
		{C4F36608-0056-4E05-8688-06CF802DDD6B}.Debug|Any CPU.ActiveCfg = Debug|Any CPU
		{C4F36608-0056-4E05-8688-06CF802DDD6B}.Debug|Any CPU.Build.0 = Debug|Any CPU
		{C4F36608-0056-4E05-8688-06CF802DDD6B}.Release|Any CPU.ActiveCfg = Release|Any CPU
		{C4F36608-0056-4E05-8688-06CF802DDD6B}.Release|Any CPU.Build.0 = Release|Any CPU
		{45695C0D-819E-4148-B10D-05F62DFBC952}.Debug|Any CPU.ActiveCfg = Debug|Any CPU
		{45695C0D-819E-4148-B10D-05F62DFBC952}.Debug|Any CPU.Build.0 = Debug|Any CPU
		{45695C0D-819E-4148-B10D-05F62DFBC952}.Release|Any CPU.ActiveCfg = Release|Any CPU
		{45695C0D-819E-4148-B10D-05F62DFBC952}.Release|Any CPU.Build.0 = Release|Any CPU
		{0D9E5DDC-128B-46D2-9863-B5C82AA7BDF4}.Debug|Any CPU.ActiveCfg = Debug|Any CPU
		{0D9E5DDC-128B-46D2-9863-B5C82AA7BDF4}.Debug|Any CPU.Build.0 = Debug|Any CPU
		{0D9E5DDC-128B-46D2-9863-B5C82AA7BDF4}.Release|Any CPU.ActiveCfg = Release|Any CPU
		{0D9E5DDC-128B-46D2-9863-B5C82AA7BDF4}.Release|Any CPU.Build.0 = Release|Any CPU
		{A09CA2EF-00D2-4104-9A28-0F8666A902E9}.Debug|Any CPU.ActiveCfg = Debug|Any CPU
		{A09CA2EF-00D2-4104-9A28-0F8666A902E9}.Debug|Any CPU.Build.0 = Debug|Any CPU
		{A09CA2EF-00D2-4104-9A28-0F8666A902E9}.Release|Any CPU.ActiveCfg = Release|Any CPU
		{A09CA2EF-00D2-4104-9A28-0F8666A902E9}.Release|Any CPU.Build.0 = Release|Any CPU
		{89A19D99-8CC4-41B0-AE98-6DF5685521B6}.Debug|Any CPU.ActiveCfg = Debug|Any CPU
		{89A19D99-8CC4-41B0-AE98-6DF5685521B6}.Debug|Any CPU.Build.0 = Debug|Any CPU
		{89A19D99-8CC4-41B0-AE98-6DF5685521B6}.Release|Any CPU.ActiveCfg = Release|Any CPU
		{89A19D99-8CC4-41B0-AE98-6DF5685521B6}.Release|Any CPU.Build.0 = Release|Any CPU
	EndGlobalSection
	GlobalSection(SolutionProperties) = preSolution
		HideSolutionNode = FALSE
	EndGlobalSection
	GlobalSection(NestedProjects) = preSolution
		{0B8705A6-95BA-4056-8958-431431C77B36} = {D019ACC8-5665-4532-AD2A-CC3404D58BA9}
		{7EE8C562-E2B1-4466-9FD1-B1C1EB942465} = {D019ACC8-5665-4532-AD2A-CC3404D58BA9}
		{D9513FC2-14F5-4632-A0D7-3DCB278752B2} = {F795FA82-A327-46CD-B0A0-AD0E3A15023A}
		{4526C4C7-19CA-48EC-8578-006C79155D2F} = {F795FA82-A327-46CD-B0A0-AD0E3A15023A}
		{F795FA82-A327-46CD-B0A0-AD0E3A15023A} = {1E7238AA-5C5E-42E3-ABB9-39E8F0F4837C}
		{F771095D-F6CD-4C3D-A61D-D4DE2A308774} = {1E7238AA-5C5E-42E3-ABB9-39E8F0F4837C}
		{C4F36608-0056-4E05-8688-06CF802DDD6B} = {F771095D-F6CD-4C3D-A61D-D4DE2A308774}
		{5924806B-BC61-4D6D-82A3-942B742F3028} = {1E7238AA-5C5E-42E3-ABB9-39E8F0F4837C}
		{45695C0D-819E-4148-B10D-05F62DFBC952} = {5924806B-BC61-4D6D-82A3-942B742F3028}
		{0D9E5DDC-128B-46D2-9863-B5C82AA7BDF4} = {5924806B-BC61-4D6D-82A3-942B742F3028}
		{A09CA2EF-00D2-4104-9A28-0F8666A902E9} = {F771095D-F6CD-4C3D-A61D-D4DE2A308774}
		{89A19D99-8CC4-41B0-AE98-6DF5685521B6} = {97B29DDF-9F9E-43E4-A79B-26C590225131}
	EndGlobalSection
	GlobalSection(ExtensibilityGlobals) = postSolution
		SolutionGuid = {73E9D032-914B-4653-BFE9-47DDF3559472}
	EndGlobalSection
EndGlobal
